
Microsoft Visual Studio Solution File, Format Version 12.00
# Visual Studio 14
VisualStudioVersion = 14.0.25123.0
MinimumVisualStudioVersion = 10.0.40219.1
Project("{FAE04EC0-301F-11D3-BF4B-00C04F79EFBC}") = "Vector6 Blog", "Vector6 Blog\Vector6 Blog.csproj", "{988CD970-9ACD-4D78-B1E4-9ADE29CE0D65}"
EndProject
Project("{FAE04EC0-301F-11D3-BF4B-00C04F79EFBC}") = "Vector6 Blog.Core", "Vector6 Blog.Core\Vector6 Blog.Core.csproj", "{5C07768B-39FF-4CC0-8C3E-1864C175749A}"
EndProject
Global
	GlobalSection(SolutionConfigurationPlatforms) = preSolution
		Debug|Any CPU = Debug|Any CPU
		Release|Any CPU = Release|Any CPU
	EndGlobalSection
	GlobalSection(ProjectConfigurationPlatforms) = postSolution
		{988CD970-9ACD-4D78-B1E4-9ADE29CE0D65}.Debug|Any CPU.ActiveCfg = Debug|Any CPU
		{988CD970-9ACD-4D78-B1E4-9ADE29CE0D65}.Debug|Any CPU.Build.0 = Debug|Any CPU
		{988CD970-9ACD-4D78-B1E4-9ADE29CE0D65}.Release|Any CPU.ActiveCfg = Release|Any CPU
		{988CD970-9ACD-4D78-B1E4-9ADE29CE0D65}.Release|Any CPU.Build.0 = Release|Any CPU
		{5C07768B-39FF-4CC0-8C3E-1864C175749A}.Debug|Any CPU.ActiveCfg = Debug|Any CPU
		{5C07768B-39FF-4CC0-8C3E-1864C175749A}.Debug|Any CPU.Build.0 = Debug|Any CPU
		{5C07768B-39FF-4CC0-8C3E-1864C175749A}.Release|Any CPU.ActiveCfg = Release|Any CPU
		{5C07768B-39FF-4CC0-8C3E-1864C175749A}.Release|Any CPU.Build.0 = Release|Any CPU
	EndGlobalSection
	GlobalSection(SolutionProperties) = preSolution
		HideSolutionNode = FALSE
	EndGlobalSection
EndGlobal
